
Microsoft Visual Studio Solution File, Format Version 12.00
# Visual Studio Version 16
VisualStudioVersion = 16.0.30523.141
MinimumVisualStudioVersion = 10.0.40219.1
Project("{FAE04EC0-301F-11D3-BF4B-00C04F79EFBC}") = "Bridge.Pattern", "Bridge.Pattern.csproj", "{631DFC5B-0544-44B3-A17F-E52FBCCB3083}"
EndProject
Global
	GlobalSection(SolutionConfigurationPlatforms) = preSolution
		Debug|Any CPU = Debug|Any CPU
		Release|Any CPU = Release|Any CPU
	EndGlobalSection
	GlobalSection(ProjectConfigurationPlatforms) = postSolution
		{631DFC5B-0544-44B3-A17F-E52FBCCB3083}.Debug|Any CPU.ActiveCfg = Debug|Any CPU
		{631DFC5B-0544-44B3-A17F-E52FBCCB3083}.Debug|Any CPU.Build.0 = Debug|Any CPU
		{631DFC5B-0544-44B3-A17F-E52FBCCB3083}.Release|Any CPU.ActiveCfg = Release|Any CPU
		{631DFC5B-0544-44B3-A17F-E52FBCCB3083}.Release|Any CPU.Build.0 = Release|Any CPU
	EndGlobalSection
	GlobalSection(SolutionProperties) = preSolution
		HideSolutionNode = FALSE
	EndGlobalSection
	GlobalSection(ExtensibilityGlobals) = postSolution
		SolutionGuid = {02241923-1FA7-464A-B649-920236F5F2B1}
	EndGlobalSection
EndGlobal
